
Microsoft Visual Studio Solution File, Format Version 12.00
# Visual Studio 15
VisualStudioVersion = 15.0.27130.2036
MinimumVisualStudioVersion = 10.0.40219.1
Project("{FAE04EC0-301F-11D3-BF4B-00C04F79EFBC}") = "TEST02_WPFMVVM", "TEST02_WPFMVVM\TEST02_WPFMVVM.csproj", "{DFB023C3-7963-4DEF-837C-9F43D2F17114}"
EndProject
Project("{2150E333-8FDC-42A3-9474-1A3956D46DE8}") = "NewFolder1", "NewFolder1", "{795A5B59-9439-405E-8C48-98C2005EA28A}"
EndProject
Project("{FAE04EC0-301F-11D3-BF4B-00C04F79EFBC}") = "Sulmar.WPFMVVM.ShopPracz.WPFClient", "..\Sulmar.WPFMVVM\Sulmar.WPFMVVM.ShopPracz.WPFClient\Sulmar.WPFMVVM.ShopPracz.WPFClient.csproj", "{4C1A02FC-92A1-47F8-8EE4-C555B1491D67}"
EndProject
Project("{FAE04EC0-301F-11D3-BF4B-00C04F79EFBC}") = "Sulmar.WPFMVVM.ShopPracz.ViewModels", "..\Sulmar.WPFMVVM\Sulmar.WPFMVVM.ShopPracz.ViewModels\Sulmar.WPFMVVM.ShopPracz.ViewModels.csproj", "{3F11BC4B-DE8E-4765-8F85-029BFD2C93F4}"
EndProject
Project("{9A19103F-16F7-4668-BE54-9A1E7A4F7556}") = "Sulmar.WPFMVVM.ShopPracz.Services", "..\Sulmar.WPFMVVM\Sulmar.WPFMVVM.ShopPracz.Services\Sulmar.WPFMVVM.ShopPracz.Services.csproj", "{A3F929C5-E344-4E13-9115-1F03B2579D4C}"
EndProject
Project("{9A19103F-16F7-4668-BE54-9A1E7A4F7556}") = "Sulmar.WPFMVVM.ShopPracz.Models", "..\Sulmar.WPFMVVM\Sulmar.WPFMVVM.ShopPracz.Models\Sulmar.WPFMVVM.ShopPracz.Models.csproj", "{4018EB9F-94E7-4CDA-ADFC-965F85E4548C}"
EndProject
Project("{FAE04EC0-301F-11D3-BF4B-00C04F79EFBC}") = "Sulmar.WPFMVVM.ShopPracz.DbServices", "..\Sulmar.WPFMVVM\Sulmar.WPFMVVM.ShopPracz.DbServices\Sulmar.WPFMVVM.ShopPracz.DbServices.csproj", "{62B3285E-BD6F-43F6-BD86-2231F8FB1281}"
EndProject
Project("{FAE04EC0-301F-11D3-BF4B-00C04F79EFBC}") = "Sulmar.WPFMVVM.Common4", "..\Sulmar.WPFMVVM\Sulmar.WPFMVVM.Common4\Sulmar.WPFMVVM.Common4.csproj", "{9FFC5531-F9FF-4B67-8E13-BD4938FEB44F}"
EndProject
Project("{9A19103F-16F7-4668-BE54-9A1E7A4F7556}") = "Sulmar.WPFMVVM.Common", "..\Sulmar.WPFMVVM\Sulmar.WPFMVVM.Common\Sulmar.WPFMVVM.Common.csproj", "{0EEFE964-5FA5-4792-A2EA-C307D54FED20}"
EndProject
Project("{FAE04EC0-301F-11D3-BF4B-00C04F79EFBC}") = "TEST01_WPFMVVM", "..\Sulmar.WPFMVVM\TEST01_WPFMVVM\TEST01_WPFMVVM.csproj", "{53AADE31-EBA6-43B8-8502-D1EDB2684A90}"
EndProject
Project("{F184B08F-C81C-45F6-A57F-5ABD9991F28F}") = "WindowsApp1", "..\WindowsApp1\WindowsApp1\WindowsApp1.vbproj", "{FDCE87BC-17C7-4DAE-827C-1484AA043E84}"
EndProject
Project("{FAE04EC0-301F-11D3-BF4B-00C04F79EFBC}") = "AsystentZakupówWPF", "..\WZL.CSharp\AsystentZakupówWPF\AsystentZakupówWPF.csproj", "{49B3E2AA-2C9E-478A-90C7-B1B1FFE75AAD}"
EndProject
Project("{FAE04EC0-301F-11D3-BF4B-00C04F79EFBC}") = "WPFMVVMButtons", "..\WPFMVVMButtons\WPFMVVMButtons\WPFMVVMButtons.csproj", "{A74E55E6-CEA4-481C-898F-0E138DDF6035}"
EndProject
Project("{FAE04EC0-301F-11D3-BF4B-00C04F79EFBC}") = "Bombardier.WPF.WPFClient", "..\Vavatech.Bombardier.WPFMVVM\Bombardier.WPF.WPFClient\Bombardier.WPF.WPFClient.csproj", "{93EFB211-B088-495E-9DAD-E4BFE26C17A9}"
EndProject
Project("{FAE04EC0-301F-11D3-BF4B-00C04F79EFBC}") = "Bombardier.WPF.Common", "..\Vavatech.Bombardier.WPFMVVM\Bombardier.WPF.Common\Bombardier.WPF.Common.csproj", "{63F52715-ACA5-4B90-A3F7-2C85FA78330A}"
EndProject
Project("{FAE04EC0-301F-11D3-BF4B-00C04F79EFBC}") = "Bombardier.WPF.IServices", "..\Vavatech.Bombardier.WPFMVVM\Bombardier.WPF.IServices\Bombardier.WPF.IServices.csproj", "{AABEEC8F-AE11-4983-880E-85E5E7128179}"
EndProject
Project("{FAE04EC0-301F-11D3-BF4B-00C04F79EFBC}") = "Bombardier.WPF.MockServices", "..\Vavatech.Bombardier.WPFMVVM\Bombardier.WPF.MockServices\Bombardier.WPF.MockServices.csproj", "{5BCCDE64-EF39-4E34-8699-DFCC22623BD5}"
EndProject
Project("{FAE04EC0-301F-11D3-BF4B-00C04F79EFBC}") = "Bombardier.WPF.Models", "..\Vavatech.Bombardier.WPFMVVM\Bombardier.WPF.Models\Bombardier.WPF.Models.csproj", "{7FE30866-B14A-4B3D-80A2-9F3161E2F456}"
EndProject
Project("{FAE04EC0-301F-11D3-BF4B-00C04F79EFBC}") = "Bombardier.WPF.UnitTests", "..\Vavatech.Bombardier.WPFMVVM\Bombardier.WPF.UnitTests\Bombardier.WPF.UnitTests.csproj", "{4A7847D5-93F6-4C90-8D2E-F1A26EF4E3E7}"
EndProject
Project("{FAE04EC0-301F-11D3-BF4B-00C04F79EFBC}") = "Bombardier.WPF.ViewModels", "..\Vavatech.Bombardier.WPFMVVM\Bombardier.WPF.ViewModels\Bombardier.WPF.ViewModels.csproj", "{B9EAC3F2-CD06-4DCC-8779-FC88E12CBDAE}"
EndProject
Project("{FAE04EC0-301F-11D3-BF4B-00C04F79EFBC}") = "Bombardier.WPF.WPFDemo", "..\Vavatech.Bombardier.WPFMVVM\Bombardier.WPF.WPFDemo\Bombardier.WPF.WPFDemo.csproj", "{6CB717D5-36A8-4A4D-BC52-2B038320A7E6}"
EndProject
Project("{2150E333-8FDC-42A3-9474-1A3956D46DE8}") = "Sulmar", "Sulmar", "{0C0E7EC9-ECD7-4404-AFDD-A60FADFB11D5}"
EndProject
Project("{9A19103F-16F7-4668-BE54-9A1E7A4F7556}") = "Sulmar.WPFMVVM.Common", "..\Sulmar.WPFMVVM.201711\Sulmar.WPFMVVM.Common\Sulmar.WPFMVVM.Common.csproj", "{508E1394-C040-4F88-ACDD-0ADB6D7D4FAF}"
EndProject
Project("{FAE04EC0-301F-11D3-BF4B-00C04F79EFBC}") = "Sulmar.WPFMVVM.Common4", "..\Sulmar.WPFMVVM.201711\Sulmar.WPFMVVM.Common4\Sulmar.WPFMVVM.Common4.csproj", "{D95BA6DD-0E51-4488-BD96-23B215845D1E}"
EndProject
Project("{9A19103F-16F7-4668-BE54-9A1E7A4F7556}") = "Sulmar.WPFMVVM.ShopPracz.MockServices", "..\Sulmar.WPFMVVM.201711\Sulmar.WPFMVVM.MockServices\Sulmar.WPFMVVM.ShopPracz.MockServices.csproj", "{E0300BE3-6E48-4A82-867E-640F1E724B91}"
EndProject
Project("{FAE04EC0-301F-11D3-BF4B-00C04F79EFBC}") = "Sulmar.WPFMVVM.ShopPracz.DbServices", "..\Sulmar.WPFMVVM.201711\Sulmar.WPFMVVM.ShopPracz.DbServices\Sulmar.WPFMVVM.ShopPracz.DbServices.csproj", "{DDDC76A6-01FC-436C-B30E-9FEF23BFE958}"
EndProject
Project("{9A19103F-16F7-4668-BE54-9A1E7A4F7556}") = "Sulmar.WPFMVVM.ShopPracz.Models", "..\Sulmar.WPFMVVM.201711\Sulmar.WPFMVVM.ShopPracz.Models\Sulmar.WPFMVVM.ShopPracz.Models.csproj", "{5CFC7BD4-65F3-425B-B9F4-4B4145B77FB6}"
EndProject
Project("{9A19103F-16F7-4668-BE54-9A1E7A4F7556}") = "Sulmar.WPFMVVM.ShopPracz.IServices", "..\Sulmar.WPFMVVM.201711\Sulmar.WPFMVVM.ShopPracz.Services\Sulmar.WPFMVVM.ShopPracz.IServices.csproj", "{C78C2AFD-99E8-490B-A559-8D21BD28D168}"
EndProject
Project("{FAE04EC0-301F-11D3-BF4B-00C04F79EFBC}") = "Sulmar.WPFMVVM.ShopPracz.ViewModels", "..\Sulmar.WPFMVVM.201711\Sulmar.WPFMVVM.ShopPracz.ViewModels\Sulmar.WPFMVVM.ShopPracz.ViewModels.csproj", "{F7102884-5525-410A-BA0E-E43667FFD60A}"
EndProject
Project("{FAE04EC0-301F-11D3-BF4B-00C04F79EFBC}") = "Sulmar.WPFMVVM.ShopPracz.WPFClient", "..\Sulmar.WPFMVVM.201711\Sulmar.WPFMVVM.ShopPracz.WPFClient\Sulmar.WPFMVVM.ShopPracz.WPFClient.csproj", "{E34E459B-E86C-40D1-BA00-8D587C3EDB6B}"
EndProject
Project("{FAE04EC0-301F-11D3-BF4B-00C04F79EFBC}") = "SalesLT", "..\SalesLT\SalesLT\SalesLT.csproj", "{1EB39831-825D-4CE7-81E6-02AA79721C9C}"
EndProject
Project("{FAE04EC0-301F-11D3-BF4B-00C04F79EFBC}") = "SalesLT_EntityFramework", "..\SalesLT\SalesLT_EntityFramework\SalesLT_EntityFramework.csproj", "{C7BF4077-A042-42D0-9AAA-4BD2BC2DA275}"
EndProject
Project("{FAE04EC0-301F-11D3-BF4B-00C04F79EFBC}") = "WzlDatabaseReport", "..\SalesLT\WzlDatabaseReport\WzlDatabaseReport.csproj", "{42A4101E-EDD0-4C5A-B6B8-8E743BF33877}"
EndProject
Project("{FAE04EC0-301F-11D3-BF4B-00C04F79EFBC}") = "WzlInvoicePdf", "..\SalesLT\WzlInvoicePdf\WzlInvoicePdf.csproj", "{50F14B67-B51E-46EC-99E6-3124D5602500}"
EndProject
Global
	GlobalSection(SolutionConfigurationPlatforms) = preSolution
		Debug|Any CPU = Debug|Any CPU
		Release|Any CPU = Release|Any CPU
	EndGlobalSection
	GlobalSection(ProjectConfigurationPlatforms) = postSolution
		{DFB023C3-7963-4DEF-837C-9F43D2F17114}.Debug|Any CPU.ActiveCfg = Debug|Any CPU
		{DFB023C3-7963-4DEF-837C-9F43D2F17114}.Debug|Any CPU.Build.0 = Debug|Any CPU
		{DFB023C3-7963-4DEF-837C-9F43D2F17114}.Release|Any CPU.ActiveCfg = Release|Any CPU
		{DFB023C3-7963-4DEF-837C-9F43D2F17114}.Release|Any CPU.Build.0 = Release|Any CPU
		{4C1A02FC-92A1-47F8-8EE4-C555B1491D67}.Debug|Any CPU.ActiveCfg = Debug|Any CPU
		{4C1A02FC-92A1-47F8-8EE4-C555B1491D67}.Debug|Any CPU.Build.0 = Debug|Any CPU
		{4C1A02FC-92A1-47F8-8EE4-C555B1491D67}.Release|Any CPU.ActiveCfg = Release|Any CPU
		{4C1A02FC-92A1-47F8-8EE4-C555B1491D67}.Release|Any CPU.Build.0 = Release|Any CPU
		{3F11BC4B-DE8E-4765-8F85-029BFD2C93F4}.Debug|Any CPU.ActiveCfg = Debug|Any CPU
		{3F11BC4B-DE8E-4765-8F85-029BFD2C93F4}.Debug|Any CPU.Build.0 = Debug|Any CPU
		{3F11BC4B-DE8E-4765-8F85-029BFD2C93F4}.Release|Any CPU.ActiveCfg = Release|Any CPU
		{3F11BC4B-DE8E-4765-8F85-029BFD2C93F4}.Release|Any CPU.Build.0 = Release|Any CPU
		{A3F929C5-E344-4E13-9115-1F03B2579D4C}.Debug|Any CPU.ActiveCfg = Debug|Any CPU
		{A3F929C5-E344-4E13-9115-1F03B2579D4C}.Debug|Any CPU.Build.0 = Debug|Any CPU
		{A3F929C5-E344-4E13-9115-1F03B2579D4C}.Release|Any CPU.ActiveCfg = Release|Any CPU
		{A3F929C5-E344-4E13-9115-1F03B2579D4C}.Release|Any CPU.Build.0 = Release|Any CPU
		{4018EB9F-94E7-4CDA-ADFC-965F85E4548C}.Debug|Any CPU.ActiveCfg = Debug|Any CPU
		{4018EB9F-94E7-4CDA-ADFC-965F85E4548C}.Debug|Any CPU.Build.0 = Debug|Any CPU
		{4018EB9F-94E7-4CDA-ADFC-965F85E4548C}.Release|Any CPU.ActiveCfg = Release|Any CPU
		{4018EB9F-94E7-4CDA-ADFC-965F85E4548C}.Release|Any CPU.Build.0 = Release|Any CPU
		{62B3285E-BD6F-43F6-BD86-2231F8FB1281}.Debug|Any CPU.ActiveCfg = Debug|Any CPU
		{62B3285E-BD6F-43F6-BD86-2231F8FB1281}.Debug|Any CPU.Build.0 = Debug|Any CPU
		{62B3285E-BD6F-43F6-BD86-2231F8FB1281}.Release|Any CPU.ActiveCfg = Release|Any CPU
		{62B3285E-BD6F-43F6-BD86-2231F8FB1281}.Release|Any CPU.Build.0 = Release|Any CPU
		{9FFC5531-F9FF-4B67-8E13-BD4938FEB44F}.Debug|Any CPU.ActiveCfg = Debug|Any CPU
		{9FFC5531-F9FF-4B67-8E13-BD4938FEB44F}.Debug|Any CPU.Build.0 = Debug|Any CPU
		{9FFC5531-F9FF-4B67-8E13-BD4938FEB44F}.Release|Any CPU.ActiveCfg = Release|Any CPU
		{9FFC5531-F9FF-4B67-8E13-BD4938FEB44F}.Release|Any CPU.Build.0 = Release|Any CPU
		{0EEFE964-5FA5-4792-A2EA-C307D54FED20}.Debug|Any CPU.ActiveCfg = Debug|Any CPU
		{0EEFE964-5FA5-4792-A2EA-C307D54FED20}.Debug|Any CPU.Build.0 = Debug|Any CPU
		{0EEFE964-5FA5-4792-A2EA-C307D54FED20}.Release|Any CPU.ActiveCfg = Release|Any CPU
		{0EEFE964-5FA5-4792-A2EA-C307D54FED20}.Release|Any CPU.Build.0 = Release|Any CPU
		{53AADE31-EBA6-43B8-8502-D1EDB2684A90}.Debug|Any CPU.ActiveCfg = Debug|Any CPU
		{53AADE31-EBA6-43B8-8502-D1EDB2684A90}.Debug|Any CPU.Build.0 = Debug|Any CPU
		{53AADE31-EBA6-43B8-8502-D1EDB2684A90}.Release|Any CPU.ActiveCfg = Release|Any CPU
		{53AADE31-EBA6-43B8-8502-D1EDB2684A90}.Release|Any CPU.Build.0 = Release|Any CPU
		{FDCE87BC-17C7-4DAE-827C-1484AA043E84}.Debug|Any CPU.ActiveCfg = Debug|Any CPU
		{FDCE87BC-17C7-4DAE-827C-1484AA043E84}.Debug|Any CPU.Build.0 = Debug|Any CPU
		{FDCE87BC-17C7-4DAE-827C-1484AA043E84}.Release|Any CPU.ActiveCfg = Release|Any CPU
		{FDCE87BC-17C7-4DAE-827C-1484AA043E84}.Release|Any CPU.Build.0 = Release|Any CPU
		{49B3E2AA-2C9E-478A-90C7-B1B1FFE75AAD}.Debug|Any CPU.ActiveCfg = Debug|Any CPU
		{49B3E2AA-2C9E-478A-90C7-B1B1FFE75AAD}.Debug|Any CPU.Build.0 = Debug|Any CPU
		{49B3E2AA-2C9E-478A-90C7-B1B1FFE75AAD}.Release|Any CPU.ActiveCfg = Release|Any CPU
		{49B3E2AA-2C9E-478A-90C7-B1B1FFE75AAD}.Release|Any CPU.Build.0 = Release|Any CPU
		{A74E55E6-CEA4-481C-898F-0E138DDF6035}.Debug|Any CPU.ActiveCfg = Debug|Any CPU
		{A74E55E6-CEA4-481C-898F-0E138DDF6035}.Debug|Any CPU.Build.0 = Debug|Any CPU
		{A74E55E6-CEA4-481C-898F-0E138DDF6035}.Release|Any CPU.ActiveCfg = Release|Any CPU
		{A74E55E6-CEA4-481C-898F-0E138DDF6035}.Release|Any CPU.Build.0 = Release|Any CPU
		{93EFB211-B088-495E-9DAD-E4BFE26C17A9}.Debug|Any CPU.ActiveCfg = Debug|Any CPU
		{93EFB211-B088-495E-9DAD-E4BFE26C17A9}.Debug|Any CPU.Build.0 = Debug|Any CPU
		{93EFB211-B088-495E-9DAD-E4BFE26C17A9}.Release|Any CPU.ActiveCfg = Release|Any CPU
		{93EFB211-B088-495E-9DAD-E4BFE26C17A9}.Release|Any CPU.Build.0 = Release|Any CPU
		{63F52715-ACA5-4B90-A3F7-2C85FA78330A}.Debug|Any CPU.ActiveCfg = Debug|Any CPU
		{63F52715-ACA5-4B90-A3F7-2C85FA78330A}.Debug|Any CPU.Build.0 = Debug|Any CPU
		{63F52715-ACA5-4B90-A3F7-2C85FA78330A}.Release|Any CPU.ActiveCfg = Release|Any CPU
		{63F52715-ACA5-4B90-A3F7-2C85FA78330A}.Release|Any CPU.Build.0 = Release|Any CPU
		{AABEEC8F-AE11-4983-880E-85E5E7128179}.Debug|Any CPU.ActiveCfg = Debug|Any CPU
		{AABEEC8F-AE11-4983-880E-85E5E7128179}.Debug|Any CPU.Build.0 = Debug|Any CPU
		{AABEEC8F-AE11-4983-880E-85E5E7128179}.Release|Any CPU.ActiveCfg = Release|Any CPU
		{AABEEC8F-AE11-4983-880E-85E5E7128179}.Release|Any CPU.Build.0 = Release|Any CPU
		{5BCCDE64-EF39-4E34-8699-DFCC22623BD5}.Debug|Any CPU.ActiveCfg = Debug|Any CPU
		{5BCCDE64-EF39-4E34-8699-DFCC22623BD5}.Debug|Any CPU.Build.0 = Debug|Any CPU
		{5BCCDE64-EF39-4E34-8699-DFCC22623BD5}.Release|Any CPU.ActiveCfg = Release|Any CPU
		{5BCCDE64-EF39-4E34-8699-DFCC22623BD5}.Release|Any CPU.Build.0 = Release|Any CPU
		{7FE30866-B14A-4B3D-80A2-9F3161E2F456}.Debug|Any CPU.ActiveCfg = Debug|Any CPU
		{7FE30866-B14A-4B3D-80A2-9F3161E2F456}.Debug|Any CPU.Build.0 = Debug|Any CPU
		{7FE30866-B14A-4B3D-80A2-9F3161E2F456}.Release|Any CPU.ActiveCfg = Release|Any CPU
		{7FE30866-B14A-4B3D-80A2-9F3161E2F456}.Release|Any CPU.Build.0 = Release|Any CPU
		{4A7847D5-93F6-4C90-8D2E-F1A26EF4E3E7}.Debug|Any CPU.ActiveCfg = Debug|Any CPU
		{4A7847D5-93F6-4C90-8D2E-F1A26EF4E3E7}.Debug|Any CPU.Build.0 = Debug|Any CPU
		{4A7847D5-93F6-4C90-8D2E-F1A26EF4E3E7}.Release|Any CPU.ActiveCfg = Release|Any CPU
		{4A7847D5-93F6-4C90-8D2E-F1A26EF4E3E7}.Release|Any CPU.Build.0 = Release|Any CPU
		{B9EAC3F2-CD06-4DCC-8779-FC88E12CBDAE}.Debug|Any CPU.ActiveCfg = Debug|Any CPU
		{B9EAC3F2-CD06-4DCC-8779-FC88E12CBDAE}.Debug|Any CPU.Build.0 = Debug|Any CPU
		{B9EAC3F2-CD06-4DCC-8779-FC88E12CBDAE}.Release|Any CPU.ActiveCfg = Release|Any CPU
		{B9EAC3F2-CD06-4DCC-8779-FC88E12CBDAE}.Release|Any CPU.Build.0 = Release|Any CPU
		{6CB717D5-36A8-4A4D-BC52-2B038320A7E6}.Debug|Any CPU.ActiveCfg = Debug|Any CPU
		{6CB717D5-36A8-4A4D-BC52-2B038320A7E6}.Debug|Any CPU.Build.0 = Debug|Any CPU
		{6CB717D5-36A8-4A4D-BC52-2B038320A7E6}.Release|Any CPU.ActiveCfg = Release|Any CPU
		{6CB717D5-36A8-4A4D-BC52-2B038320A7E6}.Release|Any CPU.Build.0 = Release|Any CPU
		{508E1394-C040-4F88-ACDD-0ADB6D7D4FAF}.Debug|Any CPU.ActiveCfg = Debug|Any CPU
		{508E1394-C040-4F88-ACDD-0ADB6D7D4FAF}.Debug|Any CPU.Build.0 = Debug|Any CPU
		{508E1394-C040-4F88-ACDD-0ADB6D7D4FAF}.Release|Any CPU.ActiveCfg = Release|Any CPU
		{508E1394-C040-4F88-ACDD-0ADB6D7D4FAF}.Release|Any CPU.Build.0 = Release|Any CPU
		{D95BA6DD-0E51-4488-BD96-23B215845D1E}.Debug|Any CPU.ActiveCfg = Debug|Any CPU
		{D95BA6DD-0E51-4488-BD96-23B215845D1E}.Debug|Any CPU.Build.0 = Debug|Any CPU
		{D95BA6DD-0E51-4488-BD96-23B215845D1E}.Release|Any CPU.ActiveCfg = Release|Any CPU
		{D95BA6DD-0E51-4488-BD96-23B215845D1E}.Release|Any CPU.Build.0 = Release|Any CPU
		{E0300BE3-6E48-4A82-867E-640F1E724B91}.Debug|Any CPU.ActiveCfg = Debug|Any CPU
		{E0300BE3-6E48-4A82-867E-640F1E724B91}.Debug|Any CPU.Build.0 = Debug|Any CPU
		{E0300BE3-6E48-4A82-867E-640F1E724B91}.Release|Any CPU.ActiveCfg = Release|Any CPU
		{E0300BE3-6E48-4A82-867E-640F1E724B91}.Release|Any CPU.Build.0 = Release|Any CPU
		{DDDC76A6-01FC-436C-B30E-9FEF23BFE958}.Debug|Any CPU.ActiveCfg = Debug|Any CPU
		{DDDC76A6-01FC-436C-B30E-9FEF23BFE958}.Debug|Any CPU.Build.0 = Debug|Any CPU
		{DDDC76A6-01FC-436C-B30E-9FEF23BFE958}.Release|Any CPU.ActiveCfg = Release|Any CPU
		{DDDC76A6-01FC-436C-B30E-9FEF23BFE958}.Release|Any CPU.Build.0 = Release|Any CPU
		{5CFC7BD4-65F3-425B-B9F4-4B4145B77FB6}.Debug|Any CPU.ActiveCfg = Debug|Any CPU
		{5CFC7BD4-65F3-425B-B9F4-4B4145B77FB6}.Debug|Any CPU.Build.0 = Debug|Any CPU
		{5CFC7BD4-65F3-425B-B9F4-4B4145B77FB6}.Release|Any CPU.ActiveCfg = Release|Any CPU
		{5CFC7BD4-65F3-425B-B9F4-4B4145B77FB6}.Release|Any CPU.Build.0 = Release|Any CPU
		{C78C2AFD-99E8-490B-A559-8D21BD28D168}.Debug|Any CPU.ActiveCfg = Debug|Any CPU
		{C78C2AFD-99E8-490B-A559-8D21BD28D168}.Debug|Any CPU.Build.0 = Debug|Any CPU
		{C78C2AFD-99E8-490B-A559-8D21BD28D168}.Release|Any CPU.ActiveCfg = Release|Any CPU
		{C78C2AFD-99E8-490B-A559-8D21BD28D168}.Release|Any CPU.Build.0 = Release|Any CPU
		{F7102884-5525-410A-BA0E-E43667FFD60A}.Debug|Any CPU.ActiveCfg = Debug|Any CPU
		{F7102884-5525-410A-BA0E-E43667FFD60A}.Debug|Any CPU.Build.0 = Debug|Any CPU
		{F7102884-5525-410A-BA0E-E43667FFD60A}.Release|Any CPU.ActiveCfg = Release|Any CPU
		{F7102884-5525-410A-BA0E-E43667FFD60A}.Release|Any CPU.Build.0 = Release|Any CPU
		{E34E459B-E86C-40D1-BA00-8D587C3EDB6B}.Debug|Any CPU.ActiveCfg = Debug|Any CPU
		{E34E459B-E86C-40D1-BA00-8D587C3EDB6B}.Debug|Any CPU.Build.0 = Debug|Any CPU
		{E34E459B-E86C-40D1-BA00-8D587C3EDB6B}.Release|Any CPU.ActiveCfg = Release|Any CPU
		{E34E459B-E86C-40D1-BA00-8D587C3EDB6B}.Release|Any CPU.Build.0 = Release|Any CPU
		{1EB39831-825D-4CE7-81E6-02AA79721C9C}.Debug|Any CPU.ActiveCfg = Debug|Any CPU
		{1EB39831-825D-4CE7-81E6-02AA79721C9C}.Debug|Any CPU.Build.0 = Debug|Any CPU
		{1EB39831-825D-4CE7-81E6-02AA79721C9C}.Release|Any CPU.ActiveCfg = Release|Any CPU
		{1EB39831-825D-4CE7-81E6-02AA79721C9C}.Release|Any CPU.Build.0 = Release|Any CPU
		{C7BF4077-A042-42D0-9AAA-4BD2BC2DA275}.Debug|Any CPU.ActiveCfg = Debug|Any CPU
		{C7BF4077-A042-42D0-9AAA-4BD2BC2DA275}.Debug|Any CPU.Build.0 = Debug|Any CPU
		{C7BF4077-A042-42D0-9AAA-4BD2BC2DA275}.Release|Any CPU.ActiveCfg = Release|Any CPU
		{C7BF4077-A042-42D0-9AAA-4BD2BC2DA275}.Release|Any CPU.Build.0 = Release|Any CPU
		{42A4101E-EDD0-4C5A-B6B8-8E743BF33877}.Debug|Any CPU.ActiveCfg = Debug|Any CPU
		{42A4101E-EDD0-4C5A-B6B8-8E743BF33877}.Debug|Any CPU.Build.0 = Debug|Any CPU
		{42A4101E-EDD0-4C5A-B6B8-8E743BF33877}.Release|Any CPU.ActiveCfg = Release|Any CPU
		{42A4101E-EDD0-4C5A-B6B8-8E743BF33877}.Release|Any CPU.Build.0 = Release|Any CPU
		{50F14B67-B51E-46EC-99E6-3124D5602500}.Debug|Any CPU.ActiveCfg = Debug|Any CPU
		{50F14B67-B51E-46EC-99E6-3124D5602500}.Debug|Any CPU.Build.0 = Debug|Any CPU
		{50F14B67-B51E-46EC-99E6-3124D5602500}.Release|Any CPU.ActiveCfg = Release|Any CPU
		{50F14B67-B51E-46EC-99E6-3124D5602500}.Release|Any CPU.Build.0 = Release|Any CPU
	EndGlobalSection
	GlobalSection(SolutionProperties) = preSolution
		HideSolutionNode = FALSE
	EndGlobalSection
	GlobalSection(NestedProjects) = preSolution
		{4C1A02FC-92A1-47F8-8EE4-C555B1491D67} = {795A5B59-9439-405E-8C48-98C2005EA28A}
		{3F11BC4B-DE8E-4765-8F85-029BFD2C93F4} = {795A5B59-9439-405E-8C48-98C2005EA28A}
		{A3F929C5-E344-4E13-9115-1F03B2579D4C} = {795A5B59-9439-405E-8C48-98C2005EA28A}
		{4018EB9F-94E7-4CDA-ADFC-965F85E4548C} = {795A5B59-9439-405E-8C48-98C2005EA28A}
		{62B3285E-BD6F-43F6-BD86-2231F8FB1281} = {795A5B59-9439-405E-8C48-98C2005EA28A}
		{9FFC5531-F9FF-4B67-8E13-BD4938FEB44F} = {795A5B59-9439-405E-8C48-98C2005EA28A}
		{0EEFE964-5FA5-4792-A2EA-C307D54FED20} = {795A5B59-9439-405E-8C48-98C2005EA28A}
		{53AADE31-EBA6-43B8-8502-D1EDB2684A90} = {795A5B59-9439-405E-8C48-98C2005EA28A}
		{FDCE87BC-17C7-4DAE-827C-1484AA043E84} = {795A5B59-9439-405E-8C48-98C2005EA28A}
		{49B3E2AA-2C9E-478A-90C7-B1B1FFE75AAD} = {795A5B59-9439-405E-8C48-98C2005EA28A}
		{A74E55E6-CEA4-481C-898F-0E138DDF6035} = {795A5B59-9439-405E-8C48-98C2005EA28A}
		{93EFB211-B088-495E-9DAD-E4BFE26C17A9} = {795A5B59-9439-405E-8C48-98C2005EA28A}
		{63F52715-ACA5-4B90-A3F7-2C85FA78330A} = {795A5B59-9439-405E-8C48-98C2005EA28A}
		{AABEEC8F-AE11-4983-880E-85E5E7128179} = {795A5B59-9439-405E-8C48-98C2005EA28A}
		{5BCCDE64-EF39-4E34-8699-DFCC22623BD5} = {795A5B59-9439-405E-8C48-98C2005EA28A}
		{7FE30866-B14A-4B3D-80A2-9F3161E2F456} = {795A5B59-9439-405E-8C48-98C2005EA28A}
		{4A7847D5-93F6-4C90-8D2E-F1A26EF4E3E7} = {795A5B59-9439-405E-8C48-98C2005EA28A}
		{B9EAC3F2-CD06-4DCC-8779-FC88E12CBDAE} = {795A5B59-9439-405E-8C48-98C2005EA28A}
		{6CB717D5-36A8-4A4D-BC52-2B038320A7E6} = {795A5B59-9439-405E-8C48-98C2005EA28A}
		{508E1394-C040-4F88-ACDD-0ADB6D7D4FAF} = {0C0E7EC9-ECD7-4404-AFDD-A60FADFB11D5}
		{D95BA6DD-0E51-4488-BD96-23B215845D1E} = {0C0E7EC9-ECD7-4404-AFDD-A60FADFB11D5}
		{E0300BE3-6E48-4A82-867E-640F1E724B91} = {0C0E7EC9-ECD7-4404-AFDD-A60FADFB11D5}
		{DDDC76A6-01FC-436C-B30E-9FEF23BFE958} = {0C0E7EC9-ECD7-4404-AFDD-A60FADFB11D5}
		{5CFC7BD4-65F3-425B-B9F4-4B4145B77FB6} = {0C0E7EC9-ECD7-4404-AFDD-A60FADFB11D5}
		{C78C2AFD-99E8-490B-A559-8D21BD28D168} = {0C0E7EC9-ECD7-4404-AFDD-A60FADFB11D5}
		{F7102884-5525-410A-BA0E-E43667FFD60A} = {0C0E7EC9-ECD7-4404-AFDD-A60FADFB11D5}
		{E34E459B-E86C-40D1-BA00-8D587C3EDB6B} = {0C0E7EC9-ECD7-4404-AFDD-A60FADFB11D5}
		{1EB39831-825D-4CE7-81E6-02AA79721C9C} = {795A5B59-9439-405E-8C48-98C2005EA28A}
		{C7BF4077-A042-42D0-9AAA-4BD2BC2DA275} = {795A5B59-9439-405E-8C48-98C2005EA28A}
		{42A4101E-EDD0-4C5A-B6B8-8E743BF33877} = {795A5B59-9439-405E-8C48-98C2005EA28A}
		{50F14B67-B51E-46EC-99E6-3124D5602500} = {795A5B59-9439-405E-8C48-98C2005EA28A}
	EndGlobalSection
	GlobalSection(ExtensibilityGlobals) = postSolution
		SolutionGuid = {0BD89CA3-1BDE-406E-A186-5EC4C6986F5A}
	EndGlobalSection
EndGlobal
