
Microsoft Visual Studio Solution File, Format Version 12.00
# Visual Studio 15
VisualStudioVersion = 15.0.27428.2015
MinimumVisualStudioVersion = 10.0.40219.1
Project("{FAE04EC0-301F-11D3-BF4B-00C04F79EFBC}") = "TEST02_WPFMVVM", "TEST02_WPFMVVM\TEST02_WPFMVVM.csproj", "{DFB023C3-7963-4DEF-837C-9F43D2F17114}"
EndProject
Project("{2150E333-8FDC-42A3-9474-1A3956D46DE8}") = "NewFolder1", "NewFolder1", "{795A5B59-9439-405E-8C48-98C2005EA28A}"
EndProject
Project("{FAE04EC0-301F-11D3-BF4B-00C04F79EFBC}") = "Sulmar.WPFMVVM.ShopPracz.WPFClient", "..\Sulmar.WPFMVVM\Sulmar.WPFMVVM.ShopPracz.WPFClient\Sulmar.WPFMVVM.ShopPracz.WPFClient.csproj", "{4C1A02FC-92A1-47F8-8EE4-C555B1491D67}"
EndProject
Project("{FAE04EC0-301F-11D3-BF4B-00C04F79EFBC}") = "Sulmar.WPFMVVM.ShopPracz.ViewModels", "..\Sulmar.WPFMVVM\Sulmar.WPFMVVM.ShopPracz.ViewModels\Sulmar.WPFMVVM.ShopPracz.ViewModels.csproj", "{3F11BC4B-DE8E-4765-8F85-029BFD2C93F4}"
EndProject
Project("{9A19103F-16F7-4668-BE54-9A1E7A4F7556}") = "Sulmar.WPFMVVM.ShopPracz.Services", "..\Sulmar.WPFMVVM\Sulmar.WPFMVVM.ShopPracz.Services\Sulmar.WPFMVVM.ShopPracz.Services.csproj", "{A3F929C5-E344-4E13-9115-1F03B2579D4C}"
EndProject
Project("{9A19103F-16F7-4668-BE54-9A1E7A4F7556}") = "Sulmar.WPFMVVM.ShopPracz.Models", "..\Sulmar.WPFMVVM\Sulmar.WPFMVVM.ShopPracz.Models\Sulmar.WPFMVVM.ShopPracz.Models.csproj", "{4018EB9F-94E7-4CDA-ADFC-965F85E4548C}"
EndProject
Project("{FAE04EC0-301F-11D3-BF4B-00C04F79EFBC}") = "Sulmar.WPFMVVM.ShopPracz.DbServices", "..\Sulmar.WPFMVVM\Sulmar.WPFMVVM.ShopPracz.DbServices\Sulmar.WPFMVVM.ShopPracz.DbServices.csproj", "{62B3285E-BD6F-43F6-BD86-2231F8FB1281}"
EndProject
Project("{FAE04EC0-301F-11D3-BF4B-00C04F79EFBC}") = "Sulmar.WPFMVVM.Common4", "..\Sulmar.WPFMVVM\Sulmar.WPFMVVM.Common4\Sulmar.WPFMVVM.Common4.csproj", "{9FFC5531-F9FF-4B67-8E13-BD4938FEB44F}"
EndProject
Project("{9A19103F-16F7-4668-BE54-9A1E7A4F7556}") = "Sulmar.WPFMVVM.Common", "..\Sulmar.WPFMVVM\Sulmar.WPFMVVM.Common\Sulmar.WPFMVVM.Common.csproj", "{0EEFE964-5FA5-4792-A2EA-C307D54FED20}"
EndProject
Project("{FAE04EC0-301F-11D3-BF4B-00C04F79EFBC}") = "TEST01_WPFMVVM", "..\Sulmar.WPFMVVM\TEST01_WPFMVVM\TEST01_WPFMVVM.csproj", "{53AADE31-EBA6-43B8-8502-D1EDB2684A90}"
EndProject
Project("{F184B08F-C81C-45F6-A57F-5ABD9991F28F}") = "WindowsApp1", "..\WindowsApp1\WindowsApp1\WindowsApp1.vbproj", "{FDCE87BC-17C7-4DAE-827C-1484AA043E84}"
EndProject
Project("{FAE04EC0-301F-11D3-BF4B-00C04F79EFBC}") = "AsystentZakupówWPF", "..\WZL.CSharp\AsystentZakupówWPF\AsystentZakupówWPF.csproj", "{49B3E2AA-2C9E-478A-90C7-B1B1FFE75AAD}"
EndProject
Project("{FAE04EC0-301F-11D3-BF4B-00C04F79EFBC}") = "WPFMVVMButtons", "..\WPFMVVMButtons\WPFMVVMButtons\WPFMVVMButtons.csproj", "{A74E55E6-CEA4-481C-898F-0E138DDF6035}"
EndProject
Global
	GlobalSection(SolutionConfigurationPlatforms) = preSolution
		Debug|Any CPU = Debug|Any CPU
		Release|Any CPU = Release|Any CPU
	EndGlobalSection
	GlobalSection(ProjectConfigurationPlatforms) = postSolution
		{DFB023C3-7963-4DEF-837C-9F43D2F17114}.Debug|Any CPU.ActiveCfg = Debug|Any CPU
		{DFB023C3-7963-4DEF-837C-9F43D2F17114}.Debug|Any CPU.Build.0 = Debug|Any CPU
		{DFB023C3-7963-4DEF-837C-9F43D2F17114}.Release|Any CPU.ActiveCfg = Release|Any CPU
		{DFB023C3-7963-4DEF-837C-9F43D2F17114}.Release|Any CPU.Build.0 = Release|Any CPU
		{4C1A02FC-92A1-47F8-8EE4-C555B1491D67}.Debug|Any CPU.ActiveCfg = Debug|Any CPU
		{4C1A02FC-92A1-47F8-8EE4-C555B1491D67}.Debug|Any CPU.Build.0 = Debug|Any CPU
		{4C1A02FC-92A1-47F8-8EE4-C555B1491D67}.Release|Any CPU.ActiveCfg = Release|Any CPU
		{4C1A02FC-92A1-47F8-8EE4-C555B1491D67}.Release|Any CPU.Build.0 = Release|Any CPU
		{3F11BC4B-DE8E-4765-8F85-029BFD2C93F4}.Debug|Any CPU.ActiveCfg = Debug|Any CPU
		{3F11BC4B-DE8E-4765-8F85-029BFD2C93F4}.Debug|Any CPU.Build.0 = Debug|Any CPU
		{3F11BC4B-DE8E-4765-8F85-029BFD2C93F4}.Release|Any CPU.ActiveCfg = Release|Any CPU
		{3F11BC4B-DE8E-4765-8F85-029BFD2C93F4}.Release|Any CPU.Build.0 = Release|Any CPU
		{A3F929C5-E344-4E13-9115-1F03B2579D4C}.Debug|Any CPU.ActiveCfg = Debug|Any CPU
		{A3F929C5-E344-4E13-9115-1F03B2579D4C}.Debug|Any CPU.Build.0 = Debug|Any CPU
		{A3F929C5-E344-4E13-9115-1F03B2579D4C}.Release|Any CPU.ActiveCfg = Release|Any CPU
		{A3F929C5-E344-4E13-9115-1F03B2579D4C}.Release|Any CPU.Build.0 = Release|Any CPU
		{4018EB9F-94E7-4CDA-ADFC-965F85E4548C}.Debug|Any CPU.ActiveCfg = Debug|Any CPU
		{4018EB9F-94E7-4CDA-ADFC-965F85E4548C}.Debug|Any CPU.Build.0 = Debug|Any CPU
		{4018EB9F-94E7-4CDA-ADFC-965F85E4548C}.Release|Any CPU.ActiveCfg = Release|Any CPU
		{4018EB9F-94E7-4CDA-ADFC-965F85E4548C}.Release|Any CPU.Build.0 = Release|Any CPU
		{62B3285E-BD6F-43F6-BD86-2231F8FB1281}.Debug|Any CPU.ActiveCfg = Debug|Any CPU
		{62B3285E-BD6F-43F6-BD86-2231F8FB1281}.Debug|Any CPU.Build.0 = Debug|Any CPU
		{62B3285E-BD6F-43F6-BD86-2231F8FB1281}.Release|Any CPU.ActiveCfg = Release|Any CPU
		{62B3285E-BD6F-43F6-BD86-2231F8FB1281}.Release|Any CPU.Build.0 = Release|Any CPU
		{9FFC5531-F9FF-4B67-8E13-BD4938FEB44F}.Debug|Any CPU.ActiveCfg = Debug|Any CPU
		{9FFC5531-F9FF-4B67-8E13-BD4938FEB44F}.Debug|Any CPU.Build.0 = Debug|Any CPU
		{9FFC5531-F9FF-4B67-8E13-BD4938FEB44F}.Release|Any CPU.ActiveCfg = Release|Any CPU
		{9FFC5531-F9FF-4B67-8E13-BD4938FEB44F}.Release|Any CPU.Build.0 = Release|Any CPU
		{0EEFE964-5FA5-4792-A2EA-C307D54FED20}.Debug|Any CPU.ActiveCfg = Debug|Any CPU
		{0EEFE964-5FA5-4792-A2EA-C307D54FED20}.Debug|Any CPU.Build.0 = Debug|Any CPU
		{0EEFE964-5FA5-4792-A2EA-C307D54FED20}.Release|Any CPU.ActiveCfg = Release|Any CPU
		{0EEFE964-5FA5-4792-A2EA-C307D54FED20}.Release|Any CPU.Build.0 = Release|Any CPU
		{53AADE31-EBA6-43B8-8502-D1EDB2684A90}.Debug|Any CPU.ActiveCfg = Debug|Any CPU
		{53AADE31-EBA6-43B8-8502-D1EDB2684A90}.Debug|Any CPU.Build.0 = Debug|Any CPU
		{53AADE31-EBA6-43B8-8502-D1EDB2684A90}.Release|Any CPU.ActiveCfg = Release|Any CPU
		{53AADE31-EBA6-43B8-8502-D1EDB2684A90}.Release|Any CPU.Build.0 = Release|Any CPU
		{FDCE87BC-17C7-4DAE-827C-1484AA043E84}.Debug|Any CPU.ActiveCfg = Debug|Any CPU
		{FDCE87BC-17C7-4DAE-827C-1484AA043E84}.Debug|Any CPU.Build.0 = Debug|Any CPU
		{FDCE87BC-17C7-4DAE-827C-1484AA043E84}.Release|Any CPU.ActiveCfg = Release|Any CPU
		{FDCE87BC-17C7-4DAE-827C-1484AA043E84}.Release|Any CPU.Build.0 = Release|Any CPU
		{49B3E2AA-2C9E-478A-90C7-B1B1FFE75AAD}.Debug|Any CPU.ActiveCfg = Debug|Any CPU
		{49B3E2AA-2C9E-478A-90C7-B1B1FFE75AAD}.Debug|Any CPU.Build.0 = Debug|Any CPU
		{49B3E2AA-2C9E-478A-90C7-B1B1FFE75AAD}.Release|Any CPU.ActiveCfg = Release|Any CPU
		{49B3E2AA-2C9E-478A-90C7-B1B1FFE75AAD}.Release|Any CPU.Build.0 = Release|Any CPU
		{A74E55E6-CEA4-481C-898F-0E138DDF6035}.Debug|Any CPU.ActiveCfg = Debug|Any CPU
		{A74E55E6-CEA4-481C-898F-0E138DDF6035}.Debug|Any CPU.Build.0 = Debug|Any CPU
		{A74E55E6-CEA4-481C-898F-0E138DDF6035}.Release|Any CPU.ActiveCfg = Release|Any CPU
		{A74E55E6-CEA4-481C-898F-0E138DDF6035}.Release|Any CPU.Build.0 = Release|Any CPU
	EndGlobalSection
	GlobalSection(SolutionProperties) = preSolution
		HideSolutionNode = FALSE
	EndGlobalSection
	GlobalSection(NestedProjects) = preSolution
		{4C1A02FC-92A1-47F8-8EE4-C555B1491D67} = {795A5B59-9439-405E-8C48-98C2005EA28A}
		{3F11BC4B-DE8E-4765-8F85-029BFD2C93F4} = {795A5B59-9439-405E-8C48-98C2005EA28A}
		{A3F929C5-E344-4E13-9115-1F03B2579D4C} = {795A5B59-9439-405E-8C48-98C2005EA28A}
		{4018EB9F-94E7-4CDA-ADFC-965F85E4548C} = {795A5B59-9439-405E-8C48-98C2005EA28A}
		{62B3285E-BD6F-43F6-BD86-2231F8FB1281} = {795A5B59-9439-405E-8C48-98C2005EA28A}
		{9FFC5531-F9FF-4B67-8E13-BD4938FEB44F} = {795A5B59-9439-405E-8C48-98C2005EA28A}
		{0EEFE964-5FA5-4792-A2EA-C307D54FED20} = {795A5B59-9439-405E-8C48-98C2005EA28A}
		{53AADE31-EBA6-43B8-8502-D1EDB2684A90} = {795A5B59-9439-405E-8C48-98C2005EA28A}
		{FDCE87BC-17C7-4DAE-827C-1484AA043E84} = {795A5B59-9439-405E-8C48-98C2005EA28A}
		{49B3E2AA-2C9E-478A-90C7-B1B1FFE75AAD} = {795A5B59-9439-405E-8C48-98C2005EA28A}
		{A74E55E6-CEA4-481C-898F-0E138DDF6035} = {795A5B59-9439-405E-8C48-98C2005EA28A}
	EndGlobalSection
	GlobalSection(ExtensibilityGlobals) = postSolution
		SolutionGuid = {0BD89CA3-1BDE-406E-A186-5EC4C6986F5A}
	EndGlobalSection
EndGlobal
